github.com/aws/aws-sdk-go-v2 v1.46.0 h1:1kt7m/EKcEHt5mlyyxx9cSlMddRPIKbjb6DIQsu4HPk=
github.com/aws/aws-sdk-go-v2 v1.46.0/go.mod h1:bttEH6JqnUL8LepvDVfdrds/fZ5bCIxzpe3abyUrhDU=
github.com/aws/aws-sdk-go-v2/aws/protocol/eventstream v1.7.20 h1:GPRlPwz40I2B2VrBEASOA3Bi77NyeqejNLkifosX0rs=
github.com/aws/aws-sdk-go-v2/aws/protocol/eventstream v1.7.20/go.mod h1:g7PNzKcsOKWb4fkSRBA7BZVAS6Y8IcxzN+nRohhQ1Q8=
github.com/aws/aws-sdk-go-v2/config v1.33.1 h1:bq9jze1hQ5YTCLoVxNnbp0T7rglrlOE7N9YsHqjGkEw=
github.com/aws/aws-sdk-go-v2/config v1.33.1/go.mod h1:2A3HQwG4zaL5Tm80rc6RZj8LmWWv4WYT5v8raSz/L7A=
github.com/aws/aws-sdk-go-v2/credentials v1.20.1 h1:Z8GRNEx0u9sDkZOq4PUnN8mjGwbUQGRzMSXpvt3d8xQ=
github.com/aws/aws-sdk-go-v2/credentials v1.20.1/go.mod h1:uBIK00kFo95dnemqfFMTWx0X8YRqsh6ecIoCjjOkZqM=
github.com/aws/aws-sdk-go-v2/feature/ec2/imds v1.19.1 h1:YIEBqcqRnpi4Pfv0YHImtgi6czGCwKHANC7SwmUAVD0=
github.com/aws/aws-sdk-go-v2/feature/ec2/imds v1.19.1/go.mod h1:imEf0oufgAo8KAkCHhrOdqGEC0YWx1PPBQH82shSxGw=
github.com/aws/aws-sdk-go-v2/internal/configsources v1.5.2 h1:q/PSLGuRWCChWg+dLnb9dWOnrCxJtnboXbBtFoqqRrI=
github.com/aws/aws-sdk-go-v2/internal/configsources v1.5.2/go.mod h1:TD1jvU2LvXkJexct5vBqcd8QlNXh5EmRUeL/Z32p0n4=
github.com/aws/aws-sdk-go-v2/internal/endpoints/v2 v2.8.2 h1:6fl86IPqKEXoySqiOWdfgbEp9OVbn44zTfEICNEBDhY=
github.com/aws/aws-sdk-go-v2/internal/endpoints/v2 v2.8.2/go.mod h1:63HDfhFkdzBpI8WGXTSKUHPKS6mqldj4u3LJW7RZtSU=
github.com/aws/aws-sdk-go-v2/internal/v4a v1.5.1 h1:yhw5KD1phVyP9vijxOUzDfEtJx+bt+L63k+VfuiYFAA=
github.com/aws/aws-sdk-go-v2/internal/v4a v1.5.1/go.mod h1:ZW2e0d7DYlRxlS9hEiMXE47gTdX5KRN4byUiNbUpG+Q=
github.com/aws/aws-sdk-go-v2/service/apigateway v1.46.0 h1:l5dAHt+1naULrlz1OmCljZj8t9qW/cqNnefewcNv6lU=
github.com/aws/aws-sdk-go-v2/service/apigateway v1.46.0/go.mod h1:9qtIy2c6qe+I3J3t2tC8HNJRIcUDIMVewrb7g9Gd7aI=
github.com/aws/aws-sdk-go-v2/service/cloudfront v1.72.0 h1:RU5ww9RMON7/yQUURm8SX5iPEJno9djBlvIQaLCOjNg=
github.com/aws/aws-sdk-go-v2/service/cloudfront v1.72.0/go.mod h1:faxAYN7eEPv3nQ5pMI1WGi2zZhXWO6Hui651tTJN49A=
github.com/aws/aws-sdk-go-v2/service/cloudwatchlogs v1.85.0 h1:8Qhh84Cm/ae7HxhRh9A5Fz+H/qpumvT7c9HqdymGeRo=
github.com/aws/aws-sdk-go-v2/service/cloudwatchlogs v1.85.0/go.mod h1:hp3qwCtX+QPXVJMyKsFO/sLXkirzH0R3UHRVM4QBGV4=
github.com/aws/aws-sdk-go-v2/service/dynamodb v1.66.0 h1:Iz90Uc1I8Yx/EVZMVEdB3SuLRkOJYY1YUUU0hTV7AFo=
github.com/aws/aws-sdk-go-v2/service/dynamodb v1.66.0/go.mod h1:1n7X9A0OjJ8CZjeac5PsFxEkIzBioOs223JPLDZ5bbQ=
github.com/aws/aws-sdk-go-v2/service/ec2 v1.325.1 h1:rL19vNlxMMJHDSbX5JAwnpR/94kRgcebkdFRvmG6MWM=
github.com/aws/aws-sdk-go-v2/service/ec2 v1.325.1/go.mod h1:M8AJ/M7737nKBNqZvXUNrADGBy+d3PNggJGmAStCWxI=
github.com/aws/aws-sdk-go-v2/service/ecr v1.63.0 h1:VuxqZe6/5y5c26XZYNAs/iZ9HDnn9Te9T1ahA1rz188=
github.com/aws/aws-sdk-go-v2/service/ecr v1.63.0/go.mod h1:BITpKEMb6U6dnjcbrlonpiStseuI9I0GZ21p61iqeFA=
github.com/aws/aws-sdk-go-v2/service/elasticache v1.59.0 h1:2BcwRqrdABhdefE/FezrN2msSF5bjDSFF+XgPE9PvDk=
github.com/aws/aws-sdk-go-v2/service/elasticache v1.59.0/go.mod h1:kbOlb8lif87h3YTBvjmhJiVFVg9oJ6b17MWzF3pL7vM=
github.com/aws/aws-sdk-go-v2/service/elasticloadbalancingv2 v1.60.1 h1:FiQmqRTw/46KRhlefi+0PlHscSuw6wcuosjRfau7b2g=
github.com/aws/aws-sdk-go-v2/service/elasticloadbalancingv2 v1.60.1/go.mod h1:dbj7M5O7ef265rCf1cDRUBHFlZxKS9HErEs4EZ61mYc=
github.com/aws/aws-sdk-go-v2/service/eventbridge v1.52.0 h1:PXMeuDwZWMYAQTKpAdBI4Tr/qka1Vyga9pH+gWLsJ2k=
github.com/aws/aws-sdk-go-v2/service/eventbridge v1.52.0/go.mod h1:YUqxHWYMSdqNX8zNpg6e0JR3a5kdWDhxZHfSOwfBx+s=
github.com/aws/aws-sdk-go-v2/service/iam v1.62.0 h1:pMq9Wvwbxre0ALXgh6wesNH3+92DaGzAle38t2V0ucU=
github.com/aws/aws-sdk-go-v2/service/iam v1.62.0/go.mod h1:k0YVlnUF0eaJtm8g0VcFDn9LVfK38XdrXTHRd/EeflQ=
github.com/aws/aws-sdk-go-v2/service/internal/accept-encoding v1.13.19 h1:bAdDl/HkGCcGPoe25ToSHEw23VIxt6CT5fLcg111BKg=
github.com/aws/aws-sdk-go-v2/service/internal/accept-encoding v1.13.19/go.mod h1:KaUzbLxv4CeSxh6ZCl9B4m7CuFenS8kUEaDs+f/DQr4=
github.com/aws/aws-sdk-go-v2/service/internal/checksum v1.11.1 h1:s67hBfG5t9rn1NCvDuB4E3QIep3UFhHPtaIqFDjV3N8=
github.com/aws/aws-sdk-go-v2/service/internal/checksum v1.11.1/go.mod h1:FpvjBMXtSNMLPmDJsWwcY5cRnqJlpS2y1R6n4pvzs4k=
github.com/aws/aws-sdk-go-v2/service/internal/endpoint-discovery v1.13.1 h1:kIfDHRmq8zgw3DB0XxzGTZi19BX7OwIn+yDE9BJ2I1g=
github.com/aws/aws-sdk-go-v2/service/internal/endpoint-discovery v1.13.1/go.mod h1:o6YX/HIkSNfumuKUum+FrqrsebMFVJUiGcmGp03WnsQ=
github.com/aws/aws-sdk-go-v2/service/internal/presigned-url v1.14.1 h1:RmmWQPREQdk9U+PfqeHW3MqZaBaNK7TpV9W3RY+b+7g=
github.com/aws/aws-sdk-go-v2/service/internal/presigned-url v1.14.1/go.mod h1:0A3W4F+68ZnNk5XcNL/e9HFMwnP8RlEicFfy6eOEDyw=
github.com/aws/aws-sdk-go-v2/service/internal/s3shared v1.20.1 h1:ZMbtPZZQRca+3+XYQne9PBvRiYpHZlNJJOZfE9WNfT0=
github.com/aws/aws-sdk-go-v2/service/internal/s3shared v1.20.1/go.mod h1:YAGWQdCYlVCoqrzvfv3RLxO6zKwti7gsAULOGWPLYv4=
github.com/aws/aws-sdk-go-v2/service/kms v1.59.0 h1:qvCvEQxFqL4LLCFLuvrNovy2iLYSU74gedrahGvT6vI=
github.com/aws/aws-sdk-go-v2/service/kms v1.59.0/go.mod h1:p1tptb9enFZSeQxQjODPDwcDAuFrKKXumkHUi+R5C8A=
github.com/aws/aws-sdk-go-v2/service/lambda v1.106.0 h1:6XlUwcy8dID09A4y3PUilZDPEGZQo7wJFChPN2zhrHc=
github.com/aws/aws-sdk-go-v2/service/lambda v1.106.0/go.mod h1:xFO5LMHsvX9T3B9lLauhTYYyYSCoCn46gxiqpVfK+Sw=
github.com/aws/aws-sdk-go-v2/service/rds v1.126.1 h1:OCskW0GL4ziu18JgAKpVgNpY607By3m0DfVSGh4Wda8=
github.com/aws/aws-sdk-go-v2/service/rds v1.126.1/go.mod h1:XNgrAl4ZWN+hcqRfH5/AY6rENRBCMzcEDAIhD0OM01o=
github.com/aws/aws-sdk-go-v2/service/route53 v1.69.0 h1:Z714Jtt3Ivtf6b0g8wl2YW3Bb2hNRJu1iJCgQzV91D0=
github.com/aws/aws-sdk-go-v2/service/route53 v1.69.0/go.mod h1:6isQ7Jl/mFTOScbAsF/0+dPkBEnbgSIY6IeSQ8G0f70=
github.com/aws/aws-sdk-go-v2/service/s3 v1.110.0 h1:He8vaTTqAAJrux/KdpjFXNWueLJZyKqE49QEXoqAu4I=
github.com/aws/aws-sdk-go-v2/service/s3 v1.110.0/go.mod h1:CUr46sCpGAg/rHaclRyhJX0LJAmH73uWSJPPSaMUrSk=
github.com/aws/aws-sdk-go-v2/service/secretsmanager v1.47.0 h1:LjEecQF5MLvqi1H/fMlU4JL6aQZyN/7BYMynz6PVnxQ=
github.com/aws/aws-sdk-go-v2/service/secretsmanager v1.47.0/go.mod h1:2rdJeO95tT+EGmjF4jWmIzNKRwIMpr7Dnf7W6mIB9EQ=
github.com/aws/aws-sdk-go-v2/service/sfn v1.49.0 h1:Rc6sZ7KIa7G4i9vt1/wCQ/Rr08P7YwCjatlx68xugZI=
github.com/aws/aws-sdk-go-v2/service/sfn v1.49.0/go.mod h1:+DyVDcP4p9e/oPGp9rSVJnSPuCNpzJiLdxcBIpgnFFc=
github.com/aws/aws-sdk-go-v2/service/signin v1.7.1 h1:mdMtSVKdQ3+mzBh+l0ogrFYZVQUCg6pJZOirA2ARsYE=
github.com/aws/aws-sdk-go-v2/service/signin v1.7.1/go.mod h1:9IqUlsJDbUPcg6cgx3WEzXdjrbWzLDQrak0aaSqlTcI=
github.com/aws/aws-sdk-go-v2/service/sns v1.45.0 h1:6CE6OJphrV+SW+s4sUGuZXWbhBhrGGd5vf6C6zk4ZGA=
github.com/aws/aws-sdk-go-v2/service/sns v1.45.0/go.mod h1:ucBUMGW8avqGmbyQoXyoC6Cgt+WsNBrhL9DA4Bb+jN4=
github.com/aws/aws-sdk-go-v2/service/sqs v1.50.0 h1:iyOnIecB0y4rkOi4zeZO8iknl9h27cDCFW1tLP7HaKw=
github.com/aws/aws-sdk-go-v2/service/sqs v1.50.0/go.mod h1:d4DToDhLnEofHKvFu4yCF0Be65pZW267COfKOztsZOQ=
github.com/aws/aws-sdk-go-v2/service/sso v1.35.1 h1:B6WFn91tobD6gG4724ONHaqrpKsoETGnv98LHe/yIGM=
github.com/aws/aws-sdk-go-v2/service/sso v1.35.1/go.mod h1:tWuiVBUtPBr8/rgRiYS8Uf85sHcAN+G7XS3D3CEoUh8=
github.com/aws/aws-sdk-go-v2/service/ssooidc v1.40.1 h1:6yeYCWFvgbI2TI3K6jr9LtBNhXgJ7g4xqD+DEiaDDmM=
github.com/aws/aws-sdk-go-v2/service/ssooidc v1.40.1/go.mod h1:naFe83jSMuYkH+QjQPX8n1MLhBkeCFM5Lsnh5m5wz3c=
github.com/aws/aws-sdk-go-v2/service/sts v1.47.1 h1:Sv2xPnRHlThSUtVujYuUBPI/Il8si6UPHXL8DMiB/F0=
github.com/aws/aws-sdk-go-v2/service/sts v1.47.1/go.mod h1:mKo/CzaCz8qytGW70NG4vIIGAx1HXTlb5lHNkC5k3lk=
github.com/aws/smithy-go v1.28.1 h1:R/nXH00c8qcfCzQVELtRw+eLQWtzv+VAIEFJ1/xxXlQ=
github.com/aws/smithy-go v1.28.1/go.mod h1:YE2RhdIuDbA5E5bTdciG9KrW3+TiEONeUWCqxX9i1Fc=
github.com/google/uuid v1.6.0 h1:NIvaJDMOsjHA8n1jAhLSgzrAzy1Hgr+hNrb57e+94F0=
github.com/google/uuid v1.6.0/go.mod h1:TIyPZe4MgqvfeYDBFedMoGGpEw/LqOeaOT+nhxU+yHo=
github.com/klauspost/compress v1.18.5 h1:/h1gH5Ce+VWNLSWqPzOVn6XBO+vJbCNGvjoaGBFW2IE=
github.com/klauspost/compress v1.18.5/go.mod h1:cwPg85FWrGar70rWktvGQj8/hthj3wpl0PGDogxkrSQ=
github.com/nats-io/nats.go v1.53.1 h1:Otsq3uLc/kLdjmkNHkXH0jBqwUquwdKFoe3fq6/3/Xo=
github.com/nats-io/nats.go v1.53.1/go.mod h1:26HypzazeOkyO3/mqd1zZd53STJN0EjCYF9Uy2ZOBno=
github.com/nats-io/nkeys v0.4.15 h1:JACV5jRVO9V856KOapQ7x+EY8Jo3qw1vJt/9Jpwzkk4=
github.com/nats-io/nkeys v0.4.15/go.mod h1:CpMchTXC9fxA5zrMo4KpySxNjiDVvr8ANOSZdiNfUrs=
github.com/nats-io/nuid v1.0.1 h1:5iA8DT8V7q8WK2EScv2padNa/rTESc1KdnPw4TC2paw=
github.com/nats-io/nuid v1.0.1/go.mod h1:19wcPz3Ph3q0Jbyiqsd0kePYG7A95tJPxeL+1OSON2c=
golang.org/x/crypto v0.55.0 h1:+KWHjbgOaAQ66dh/YlkZKHlz9ZUlq61AFirAR9ntP8M=
golang.org/x/crypto v0.55.0/go.mod h1:uq0V9dE/fzQuJtbnL+2EhWOE63vo164FY8xqEnV9xis=
golang.org/x/sys v0.47.0 h1:o7XGOvZQCADBQQ4Y7VNq2dRWQR7JmOUW8Kxx4ZsNgWs=
golang.org/x/sys v0.47.0/go.mod h1:4GL1E5IUh+htKOUEOaiffhrAeqysfVGipDYzABqnCmw=
